
Microsoft Visual Studio Solution File, Format Version 12.00
# Visual Studio Version 17
VisualStudioVersion = 17.9.34714.143
MinimumVisualStudioVersion = 10.0.40219.1
Project("{9A19103F-16F7-4668-BE54-9A1E7A4F7556}") = "Ejercicios-c#", "Ejercicios-c#\Ejercicios-c#.csproj", "{F849AD2E-0926-4698-B642-2EBFEC034193}"
EndProject
Project("{9A19103F-16F7-4668-BE54-9A1E7A4F7556}") = "Ejercicio1", "Ejercicio1\Ejercicio1.csproj", "{A83D3CFF-E349-4956-B30B-8978CDEF9719}"
EndProject
Project("{9A19103F-16F7-4668-BE54-9A1E7A4F7556}") = "Ejercicio 2", "Ejercicio 2\Ejercicio 2.csproj", "{77C2DAD1-F836-4551-9BAB-A3A23FCE9758}"
EndProject
Project("{9A19103F-16F7-4668-BE54-9A1E7A4F7556}") = "Ejercicio 3", "Ejercicio 3\Ejercicio 3.csproj", "{695731A1-AE5E-41FD-86A5-92F5D502C03E}"
EndProject
Project("{9A19103F-16F7-4668-BE54-9A1E7A4F7556}") = "Ejercicio 4", "Ejercicio 4\Ejercicio 4.csproj", "{C3CE138A-B098-4248-9BF7-B513419B7A4C}"
EndProject
Project("{9A19103F-16F7-4668-BE54-9A1E7A4F7556}") = "Ejercicio 5", "Ejercicio 5\Ejercicio 5.csproj", "{3BBFCABE-FE8C-49FC-A026-39B37DC5CB15}"
EndProject
Project("{9A19103F-16F7-4668-BE54-9A1E7A4F7556}") = "Ejercicio 6", "Ejercicio 6\Ejercicio 6.csproj", "{528677F1-9F1A-492D-8513-74E0F6CE1B4B}"
EndProject
Project("{9A19103F-16F7-4668-BE54-9A1E7A4F7556}") = "Repaso Condicionales", "Repaso Condicionales\Repaso Condicionales.csproj", "{CD1B72FB-D867-457C-BAB6-56A6786A89CC}"
EndProject
Project("{9A19103F-16F7-4668-BE54-9A1E7A4F7556}") = "Ejericicio 7", "Ejericicio 7\Ejericicio 7.csproj", "{6DF56D38-0FA6-46EE-B328-16C2A1627F68}"
EndProject
Project("{9A19103F-16F7-4668-BE54-9A1E7A4F7556}") = "Repaso Bucles Repetitivos", "Repaso Bucles Repetitivos\Repaso Bucles Repetitivos.csproj", "{EB0D1BC6-038F-4DE2-9059-CAF95636CC50}"
EndProject
Project("{9A19103F-16F7-4668-BE54-9A1E7A4F7556}") = "Array", "Array\Array.csproj", "{D5EA0E55-E53E-4687-BA7A-54E915A51F3F}"
EndProject
Project("{9A19103F-16F7-4668-BE54-9A1E7A4F7556}") = "Repaso Segun-SWITCH", "Repaso Segun-SWITCH\Repaso Segun-SWITCH.csproj", "{1FEB5094-2DA5-45E4-BF6F-CDF82D6C7880}"
EndProject
Project("{9A19103F-16F7-4668-BE54-9A1E7A4F7556}") = "Ejercicio_Strings_1", "Ejercicio_Strings_1\Ejercicio_Strings_1.csproj", "{ADF543F7-F282-41EC-9028-F8FF12642FBA}"
EndProject
Project("{9A19103F-16F7-4668-BE54-9A1E7A4F7556}") = "Ejercicio_Strings_2", "Ejercicio_Strings_2\Ejercicio_Strings_2.csproj", "{5611B410-CE58-45B6-ABC8-B9C793D0BC58}"
EndProject
Project("{9A19103F-16F7-4668-BE54-9A1E7A4F7556}") = "Ejercicio_String_3", "Ejercicio_String_3\Ejercicio_String_3.csproj", "{943E753D-5B8E-4338-A7DB-D8225718B3D6}"
EndProject
Project("{9A19103F-16F7-4668-BE54-9A1E7A4F7556}") = "Ejercicio_Strings_4", "Ejercicio_Strings_4\Ejercicio_Strings_4.csproj", "{B2E4465F-05BA-4B3E-AF44-06DBDD382ABE}"
EndProject
Project("{9A19103F-16F7-4668-BE54-9A1E7A4F7556}") = "Funciones", "Funciones\Funciones.csproj", "{AD125322-D753-4DD0-8217-30D917DD65E0}"
EndProject
Project("{9A19103F-16F7-4668-BE54-9A1E7A4F7556}") = "Ejercicio_Funciones_1", "Ejercicio_Funciones_1\Ejercicio_Funciones_1.csproj", "{41EAA4F9-9F22-48F8-90FF-D9A531317337}"
EndProject
Project("{9A19103F-16F7-4668-BE54-9A1E7A4F7556}") = "Ejercicio_Funciones_2", "Ejercicio_Funciones_2\Ejercicio_Funciones_2.csproj", "{5E3499F1-FA2E-4FF2-9F0C-AB9AC51397A1}"
EndProject
Project("{9A19103F-16F7-4668-BE54-9A1E7A4F7556}") = "Array_Funciones", "Array_Funciones\Array_Funciones.csproj", "{8CA4A955-0631-456B-BFA6-2E3DD0BFF7C1}"
EndProject
Project("{9A19103F-16F7-4668-BE54-9A1E7A4F7556}") = "FuncionesConVectores", "FuncionesConVectores\FuncionesConVectores.csproj", "{C2DE2117-93C3-4A98-93F0-AACE1058B7CC}"
EndProject
Project("{9A19103F-16F7-4668-BE54-9A1E7A4F7556}") = "Ejercicio_Vectores_1", "Ejercicio_Vectores_1\Ejercicio_Vectores_1.csproj", "{414E16A1-6C59-4069-A140-1FE6024D6F82}"
EndProject
Project("{9A19103F-16F7-4668-BE54-9A1E7A4F7556}") = "Ejercicio_Vectores_2", "Ejercicio_Vectores_2\Ejercicio_Vectores_2.csproj", "{1B0CADE6-7976-4400-B110-F0376C3FC4E1}"
EndProject
Project("{9A19103F-16F7-4668-BE54-9A1E7A4F7556}") = "Ejercicio_Vectores_3", "Ejercicio_Vectores_3\Ejercicio_Vectores_3.csproj", "{61B33CAB-3154-4A91-8F20-74CC0D9F14C8}"
EndProject
Project("{9A19103F-16F7-4668-BE54-9A1E7A4F7556}") = "LibreriaDeFunciones", "LibreriaDeFunciones\LibreriaDeFunciones.csproj", "{12A339DE-E17F-4A7A-8B9A-A2F818265450}"
EndProject
Project("{9A19103F-16F7-4668-BE54-9A1E7A4F7556}") = "OtrasFuncionesConArrays", "OtrasFuncionesConArrays\OtrasFuncionesConArrays.csproj", "{C45D5CB7-D361-474F-8FA1-6D1E3E0722A9}"
EndProject
Project("{9A19103F-16F7-4668-BE54-9A1E7A4F7556}") = "Automoviles", "Automoviles\Automoviles.csproj", "{44741F53-5E3B-41D7-9034-EC66087E1BF4}"
EndProject
Project("{9A19103F-16F7-4668-BE54-9A1E7A4F7556}") = "TesteoClaseAuto", "TesteoClaseAuto\TesteoClaseAuto.csproj", "{53D8CA8E-2430-4EB3-8D47-1A9264551730}"
EndProject
Project("{9A19103F-16F7-4668-BE54-9A1E7A4F7556}") = "TrabajandoConArrays", "TrabajandoConArrays\TrabajandoConArrays.csproj", "{5B5B2C6F-697D-4BD0-B715-8CEA4F74D4FD}"
EndProject
Project("{9A19103F-16F7-4668-BE54-9A1E7A4F7556}") = "LibreriaDePersonas", "LibreriaDePersonas\LibreriaDePersonas.csproj", "{1763255A-A5CF-4F58-AF50-23DE5227BF52}"
EndProject
Project("{9A19103F-16F7-4668-BE54-9A1E7A4F7556}") = "TesteoDeEmpleados", "TesteoDeEmpleados\TesteoDeEmpleados.csproj", "{1A162714-1886-4280-AB60-82279E27B356}"
EndProject
Project("{9A19103F-16F7-4668-BE54-9A1E7A4F7556}") = "LibreriaDeRobots", "LibreriaDeRobots\LibreriaDeRobots.csproj", "{137C49A3-FF7F-4B84-91B1-82A5B2497BCD}"
EndProject
Project("{9A19103F-16F7-4668-BE54-9A1E7A4F7556}") = "TesteoDeRobots", "TesteoDeRobots\TesteoDeRobots.csproj", "{E6383915-7712-42FD-95D0-768D27DC0C00}"
EndProject
Project("{9A19103F-16F7-4668-BE54-9A1E7A4F7556}") = "Repaso_GRAL", "Repaso_GRAL\Repaso_GRAL.csproj", "{B8AF63B0-59C9-4E4D-86C9-8C9C093A7950}"
EndProject
Project("{9A19103F-16F7-4668-BE54-9A1E7A4F7556}") = "Libreria_de_funciones_2", "Libreria_de_funciones_2\Libreria_de_funciones_2.csproj", "{B9FBD659-3E8D-4664-B339-D122B01B2AF7}"
EndProject
Project("{9A19103F-16F7-4668-BE54-9A1E7A4F7556}") = "Ejercicio_Strings_5", "Ejercicio_Strings_5\Ejercicio_Strings_5.csproj", "{E36AE60A-854F-404F-AE97-908213E3EA8D}"
EndProject
Project("{9A19103F-16F7-4668-BE54-9A1E7A4F7556}") = "Biblioteca_Colectivo", "Biblioteca_Colectivo\Biblioteca_Colectivo.csproj", "{FBDD13E9-13C9-4B27-BAF0-960C9B1E250B}"
EndProject
Project("{9A19103F-16F7-4668-BE54-9A1E7A4F7556}") = "Testeo_Colectivo", "Testeo_Colectivo\Testeo_Colectivo.csproj", "{5261CE3C-01A1-41CE-8BDD-6F767EDF229B}"
EndProject
Project("{9A19103F-16F7-4668-BE54-9A1E7A4F7556}") = "Libreria_De_Farmacias", "Libreria_De_Farmacias\Libreria_De_Farmacias.csproj", "{B195A00B-847E-467B-B898-E2C030D6D4DE}"
EndProject
Project("{9A19103F-16F7-4668-BE54-9A1E7A4F7556}") = "TesteoDeFarmacias", "TesteoDeFarmacias\TesteoDeFarmacias.csproj", "{A3D60EAE-25AD-4464-9964-99F982FEB4BA}"
EndProject
Project("{9A19103F-16F7-4668-BE54-9A1E7A4F7556}") = "Ejercicio_Funciones_3", "Ejercicio_Funciones_3\Ejercicio_Funciones_3.csproj", "{521B8DD8-7DF8-42A5-A819-D2E1C5FF55E2}"
EndProject
Project("{9A19103F-16F7-4668-BE54-9A1E7A4F7556}") = "Ejercicio_Vectores_4", "Ejercicio_Vectores_4\Ejercicio_Vectores_4.csproj", "{CDB283FA-7492-4075-8D88-BB0EA358D121}"
EndProject
Project("{9A19103F-16F7-4668-BE54-9A1E7A4F7556}") = "Ejercicio_Vectores_5", "Ejercicio_Vectores_5\Ejercicio_Vectores_5.csproj", "{049B85DA-AA1B-48C4-9675-E55E24981FE9}"
EndProject
Project("{9A19103F-16F7-4668-BE54-9A1E7A4F7556}") = "Ejercicio_Vectores_6", "Ejercicio_Vectores_6\Ejercicio_Vectores_6.csproj", "{41AEECE4-4A67-4CBE-8AA2-4BBABAF4F858}"
EndProject
Project("{9A19103F-16F7-4668-BE54-9A1E7A4F7556}") = "Ejercicio_Vectores_7", "Ejercicio_Vectores_7\Ejercicio_Vectores_7.csproj", "{4AD26816-553A-4C32-9FB7-1B90709B4B3C}"
EndProject
Project("{9A19103F-16F7-4668-BE54-9A1E7A4F7556}") = "Ejercicio_Objetos_1", "Ejercicio_Objetos_1\Ejercicio_Objetos_1.csproj", "{8D6A7325-3422-4793-ADBF-C32D133974AA}"
EndProject
Project("{9A19103F-16F7-4668-BE54-9A1E7A4F7556}") = "BibliotecaDeCuentas", "BibliotecaDeCuentas\BibliotecaDeCuentas.csproj", "{98D2FAAC-8E7C-498C-9FE4-838BC86042DC}"
EndProject
Project("{9A19103F-16F7-4668-BE54-9A1E7A4F7556}") = "Ejercicio_Objetos_2", "Ejercicio_Objetos_2\Ejercicio_Objetos_2.csproj", "{DDE93EFE-6243-493C-8D50-A59FFB23D70C}"
EndProject
Project("{9A19103F-16F7-4668-BE54-9A1E7A4F7556}") = "BibliotecaDeAlumnos", "BibliotecaDeEstudiantes\BibliotecaDeAlumnos.csproj", "{8736ABB5-6C34-4617-8AA6-9169837DDD6C}"
EndProject
Project("{9A19103F-16F7-4668-BE54-9A1E7A4F7556}") = "PracticaRepaso", "PracticaRepaso\PracticaRepaso.csproj", "{1ACCC639-2CA5-498C-A1D7-6D9650F794AE}"
EndProject
Project("{9A19103F-16F7-4668-BE54-9A1E7A4F7556}") = "PrimerFormulario", "PrimerFormulario\PrimerFormulario.csproj", "{7A0D4E0C-8C90-4E6F-9384-788664776321}"
EndProject
Project("{9A19103F-16F7-4668-BE54-9A1E7A4F7556}") = "Biblioteca_PracticaRepaso", "Biblioteca_PracticaRepaso\Biblioteca_PracticaRepaso.csproj", "{186259A2-3A7B-4BB5-B9CE-186E217CAB7D}"
EndProject
Project("{9A19103F-16F7-4668-BE54-9A1E7A4F7556}") = "Libreria_Autos", "Libreria_Autos\Libreria_Autos.csproj", "{489071E2-8D91-4B23-9FE4-143F9EFD66E2}"
EndProject
Project("{9A19103F-16F7-4668-BE54-9A1E7A4F7556}") = "TesteoDeAuto_Examen", "TesteoDeAuto_Examen\TesteoDeAuto_Examen.csproj", "{8C2D92A6-2BA5-480B-95A0-7B9D2A37F0AF}"
EndProject
Project("{9A19103F-16F7-4668-BE54-9A1E7A4F7556}") = "PrimerEvaluacionAuto", "PrimerEvaluacionAuto\PrimerEvaluacionAuto.csproj", "{33BADE92-F1F9-4A0B-AFD2-E8DF6E4DFE21}"
EndProject
Project("{9A19103F-16F7-4668-BE54-9A1E7A4F7556}") = "TesteoPrimerEvaluacion", "TesteoPrimerEvaluacion\TesteoPrimerEvaluacion.csproj", "{95FC7EB4-B2F0-4795-B982-FF5F335E5AD4}"
EndProject
Project("{9A19103F-16F7-4668-BE54-9A1E7A4F7556}") = "Formulario_Auto", "Formulario_Auto\Formulario_Auto.csproj", "{F85CA995-6BEC-4A66-AC95-553AC278A02B}"
EndProject
Project("{9A19103F-16F7-4668-BE54-9A1E7A4F7556}") = "FormAlumnos", "FormAlumnos\FormAlumnos.csproj", "{8B463B4B-33F6-4288-BA7C-87C80183263D}"
EndProject
Project("{9A19103F-16F7-4668-BE54-9A1E7A4F7556}") = "FormRegistrate", "FormRegistrate\FormRegistrate.csproj", "{427F94A1-6967-451D-8DB6-B5DC58165DFE}"
EndProject
Project("{9A19103F-16F7-4668-BE54-9A1E7A4F7556}") = "BibliotecaDeLapiceras", "BibliotecaDeLapiceras\BibliotecaDeLapiceras.csproj", "{2E5C4293-4288-4903-B118-B9AADDF3E25D}"
EndProject
Project("{9A19103F-16F7-4668-BE54-9A1E7A4F7556}") = "Form_Lapicera", "Form_Lapicera\Form_Lapicera.csproj", "{15DF98EF-3108-4D9A-93F8-95831F751B6D}"
EndProject
Project("{9A19103F-16F7-4668-BE54-9A1E7A4F7556}") = "LibreriaDeHerencia", "LibreriaDeHerencia\LibreriaDeHerencia.csproj", "{91854D02-FBD2-4DEB-879F-D7757F818345}"
EndProject
Project("{9A19103F-16F7-4668-BE54-9A1E7A4F7556}") = "Ej_Herencia_Class19_06", "Ej_Herencia_Class19_06\Ej_Herencia_Class19_06.csproj", "{DCA2109F-6EF8-44CB-9DC8-38AC746991F9}"
EndProject
Project("{9A19103F-16F7-4668-BE54-9A1E7A4F7556}") = "LibreriaDeVehiculos", "LibreriaDeVehiculos\LibreriaDeVehiculos.csproj", "{DFF24AA0-4045-466D-982B-6E53D63DD076}"
EndProject
Project("{9A19103F-16F7-4668-BE54-9A1E7A4F7556}") = "EjercicioHP_Vehiculos", "EjercicioHP_Vehiculos\EjercicioHP_Vehiculos.csproj", "{8EA0B13E-3C68-4B7C-9737-E0D053A2B4DA}"
EndProject
Project("{9A19103F-16F7-4668-BE54-9A1E7A4F7556}") = "Form_Lapicera2", "Form_Lapicera2\Form_Lapicera2.csproj", "{494C69FE-07BF-44E0-A735-336E99DB9DD5}"
EndProject
Project("{9A19103F-16F7-4668-BE54-9A1E7A4F7556}") = "EjercicioHPl_Vehiculos2", "EjercicioHPl_Vehiculos2\EjercicioHPl_Vehiculos2.csproj", "{E2F333DF-EDC4-4042-B54A-5D3A051523DD}"
EndProject
Project("{9A19103F-16F7-4668-BE54-9A1E7A4F7556}") = "LibreriaDeEmpleados", "LibreriaDeEmpleados\LibreriaDeEmpleados.csproj", "{51440377-5850-4F73-BD19-95313CD7EE0B}"
EndProject
Project("{9A19103F-16F7-4668-BE54-9A1E7A4F7556}") = "EjercicioSGEmpleados", "EjercicioSGEmpleados\EjercicioSGEmpleados.csproj", "{B565C3D1-DF22-47BE-9049-2FD6266B1361}"
EndProject
Project("{9A19103F-16F7-4668-BE54-9A1E7A4F7556}") = "FormEmpleado", "FormEmpleado\FormEmpleado.csproj", "{AC191108-3A99-4B70-861F-358302804842}"
EndProject
Project("{9A19103F-16F7-4668-BE54-9A1E7A4F7556}") = "BibliotecaDeAlumnos2", "BibliotecaDeAlumnos2\BibliotecaDeAlumnos2.csproj", "{A9117605-4ED9-4DD7-BB14-FF72F2727074}"
EndProject
Project("{9A19103F-16F7-4668-BE54-9A1E7A4F7556}") = "LibreriaDeEmpleados1", "LibreriaDeEmpleados1\LibreriaDeEmpleados1.csproj", "{98F4AAC0-320D-4F0A-B017-E5DCF5F7B8A3}"
EndProject
Project("{9A19103F-16F7-4668-BE54-9A1E7A4F7556}") = "FormAlumnos2", "FormAlumnos2\FormAlumnos2.csproj", "{77A25649-35C9-4D84-B322-E66033046520}"
EndProject
Project("{9A19103F-16F7-4668-BE54-9A1E7A4F7556}") = "FormRegistrate_2", "FormRegistrate_2\FormRegistrate_2.csproj", "{E5CFA7D3-21F3-4094-995C-E67DF82794C5}"
EndProject
Project("{9A19103F-16F7-4668-BE54-9A1E7A4F7556}") = "BibliotecaDeComputadoras", "BibliotecaDeComputadoras\BibliotecaDeComputadoras.csproj", "{76FF8D8C-0C51-4887-8EAA-D88C5F775366}"
EndProject
Project("{9A19103F-16F7-4668-BE54-9A1E7A4F7556}") = "FormComputadora", "FormComputadora\FormComputadora.csproj", "{85D0D6D0-F262-4988-8D2F-5CE7FAFF5050}"
EndProject
Project("{9A19103F-16F7-4668-BE54-9A1E7A4F7556}") = "Libreria_De_Clases", "Libreria_De_Clases\Libreria_De_Clases.csproj", "{0DD11FCC-AD06-47A2-A009-FD271E24EEBB}"
EndProject
Project("{9A19103F-16F7-4668-BE54-9A1E7A4F7556}") = "Testeo_General", "Testeo_General\Testeo_General.csproj", "{11042DC6-217F-4754-8658-64796A702777}"
EndProject
Project("{9A19103F-16F7-4668-BE54-9A1E7A4F7556}") = "LibreriaDeClase_Animal", "LibreriaDeClase_Animal\LibreriaDeClase_Animal.csproj", "{3E34E60D-B0AD-4DB7-AF3C-92A0609CEAE9}"
EndProject
Project("{9A19103F-16F7-4668-BE54-9A1E7A4F7556}") = "TesteoGeneral_Animal", "TesteoGeneral_Animal\TesteoGeneral_Animal.csproj", "{BA5910CA-F0A6-46E8-8EDD-7751491673AB}"
EndProject
Project("{9A19103F-16F7-4668-BE54-9A1E7A4F7556}") = "LibreriaDeClases_AnimalAbst", "LibreriaDeClases_AnimalAbst\LibreriaDeClases_AnimalAbst.csproj", "{1D7CCDE0-277F-4D1C-8FE0-A7FA96194E37}"
EndProject
Project("{9A19103F-16F7-4668-BE54-9A1E7A4F7556}") = "TesteoGeneral_AnimalAbst", "TesteoGeneral_AnimalAbst\TesteoGeneral_AnimalAbst.csproj", "{38F8F4A0-5122-49C2-806C-C47F95B6AF13}"
EndProject
Project("{9A19103F-16F7-4668-BE54-9A1E7A4F7556}") = "LibreriaDeEmpleados01", "LibreriaDeEmpleados01\LibreriaDeEmpleados01.csproj", "{49DA7BC1-78D0-401B-9A9E-44B60D81617E}"
EndProject
Project("{FAE04EC0-301F-11D3-BF4B-00C04F79EFBC}") = "Form_Computadora", "Form_Computadora\Form_Computadora.csproj", "{DA4DD9EB-23A3-472E-8E18-EC474BC7529D}"
EndProject
Global
	GlobalSection(SolutionConfigurationPlatforms) = preSolution
		Debug|Any CPU = Debug|Any CPU
		Release|Any CPU = Release|Any CPU
	EndGlobalSection
	GlobalSection(ProjectConfigurationPlatforms) = postSolution
		{F849AD2E-0926-4698-B642-2EBFEC034193}.Debug|Any CPU.ActiveCfg = Debug|Any CPU
		{F849AD2E-0926-4698-B642-2EBFEC034193}.Debug|Any CPU.Build.0 = Debug|Any CPU
		{F849AD2E-0926-4698-B642-2EBFEC034193}.Release|Any CPU.ActiveCfg = Release|Any CPU
		{F849AD2E-0926-4698-B642-2EBFEC034193}.Release|Any CPU.Build.0 = Release|Any CPU
		{A83D3CFF-E349-4956-B30B-8978CDEF9719}.Debug|Any CPU.ActiveCfg = Debug|Any CPU
		{A83D3CFF-E349-4956-B30B-8978CDEF9719}.Debug|Any CPU.Build.0 = Debug|Any CPU
		{A83D3CFF-E349-4956-B30B-8978CDEF9719}.Release|Any CPU.ActiveCfg = Release|Any CPU
		{A83D3CFF-E349-4956-B30B-8978CDEF9719}.Release|Any CPU.Build.0 = Release|Any CPU
		{77C2DAD1-F836-4551-9BAB-A3A23FCE9758}.Debug|Any CPU.ActiveCfg = Debug|Any CPU
		{77C2DAD1-F836-4551-9BAB-A3A23FCE9758}.Debug|Any CPU.Build.0 = Debug|Any CPU
		{77C2DAD1-F836-4551-9BAB-A3A23FCE9758}.Release|Any CPU.ActiveCfg = Release|Any CPU
		{77C2DAD1-F836-4551-9BAB-A3A23FCE9758}.Release|Any CPU.Build.0 = Release|Any CPU
		{695731A1-AE5E-41FD-86A5-92F5D502C03E}.Debug|Any CPU.ActiveCfg = Debug|Any CPU
		{695731A1-AE5E-41FD-86A5-92F5D502C03E}.Debug|Any CPU.Build.0 = Debug|Any CPU
		{695731A1-AE5E-41FD-86A5-92F5D502C03E}.Release|Any CPU.ActiveCfg = Release|Any CPU
		{695731A1-AE5E-41FD-86A5-92F5D502C03E}.Release|Any CPU.Build.0 = Release|Any CPU
		{C3CE138A-B098-4248-9BF7-B513419B7A4C}.Debug|Any CPU.ActiveCfg = Debug|Any CPU
		{C3CE138A-B098-4248-9BF7-B513419B7A4C}.Debug|Any CPU.Build.0 = Debug|Any CPU
		{C3CE138A-B098-4248-9BF7-B513419B7A4C}.Release|Any CPU.ActiveCfg = Release|Any CPU
		{C3CE138A-B098-4248-9BF7-B513419B7A4C}.Release|Any CPU.Build.0 = Release|Any CPU
		{3BBFCABE-FE8C-49FC-A026-39B37DC5CB15}.Debug|Any CPU.ActiveCfg = Debug|Any CPU
		{3BBFCABE-FE8C-49FC-A026-39B37DC5CB15}.Debug|Any CPU.Build.0 = Debug|Any CPU
		{3BBFCABE-FE8C-49FC-A026-39B37DC5CB15}.Release|Any CPU.ActiveCfg = Release|Any CPU
		{3BBFCABE-FE8C-49FC-A026-39B37DC5CB15}.Release|Any CPU.Build.0 = Release|Any CPU
		{528677F1-9F1A-492D-8513-74E0F6CE1B4B}.Debug|Any CPU.ActiveCfg = Debug|Any CPU
		{528677F1-9F1A-492D-8513-74E0F6CE1B4B}.Debug|Any CPU.Build.0 = Debug|Any CPU
		{528677F1-9F1A-492D-8513-74E0F6CE1B4B}.Release|Any CPU.ActiveCfg = Release|Any CPU
		{528677F1-9F1A-492D-8513-74E0F6CE1B4B}.Release|Any CPU.Build.0 = Release|Any CPU
		{CD1B72FB-D867-457C-BAB6-56A6786A89CC}.Debug|Any CPU.ActiveCfg = Debug|Any CPU
		{CD1B72FB-D867-457C-BAB6-56A6786A89CC}.Debug|Any CPU.Build.0 = Debug|Any CPU
		{CD1B72FB-D867-457C-BAB6-56A6786A89CC}.Release|Any CPU.ActiveCfg = Release|Any CPU
		{CD1B72FB-D867-457C-BAB6-56A6786A89CC}.Release|Any CPU.Build.0 = Release|Any CPU
		{6DF56D38-0FA6-46EE-B328-16C2A1627F68}.Debug|Any CPU.ActiveCfg = Debug|Any CPU
		{6DF56D38-0FA6-46EE-B328-16C2A1627F68}.Debug|Any CPU.Build.0 = Debug|Any CPU
		{6DF56D38-0FA6-46EE-B328-16C2A1627F68}.Release|Any CPU.ActiveCfg = Release|Any CPU
		{6DF56D38-0FA6-46EE-B328-16C2A1627F68}.Release|Any CPU.Build.0 = Release|Any CPU
		{EB0D1BC6-038F-4DE2-9059-CAF95636CC50}.Debug|Any CPU.ActiveCfg = Debug|Any CPU
		{EB0D1BC6-038F-4DE2-9059-CAF95636CC50}.Debug|Any CPU.Build.0 = Debug|Any CPU
		{EB0D1BC6-038F-4DE2-9059-CAF95636CC50}.Release|Any CPU.ActiveCfg = Release|Any CPU
		{EB0D1BC6-038F-4DE2-9059-CAF95636CC50}.Release|Any CPU.Build.0 = Release|Any CPU
		{D5EA0E55-E53E-4687-BA7A-54E915A51F3F}.Debug|Any CPU.ActiveCfg = Debug|Any CPU
		{D5EA0E55-E53E-4687-BA7A-54E915A51F3F}.Debug|Any CPU.Build.0 = Debug|Any CPU
		{D5EA0E55-E53E-4687-BA7A-54E915A51F3F}.Release|Any CPU.ActiveCfg = Release|Any CPU
		{D5EA0E55-E53E-4687-BA7A-54E915A51F3F}.Release|Any CPU.Build.0 = Release|Any CPU
		{1FEB5094-2DA5-45E4-BF6F-CDF82D6C7880}.Debug|Any CPU.ActiveCfg = Debug|Any CPU
		{1FEB5094-2DA5-45E4-BF6F-CDF82D6C7880}.Debug|Any CPU.Build.0 = Debug|Any CPU
		{1FEB5094-2DA5-45E4-BF6F-CDF82D6C7880}.Release|Any CPU.ActiveCfg = Release|Any CPU
		{1FEB5094-2DA5-45E4-BF6F-CDF82D6C7880}.Release|Any CPU.Build.0 = Release|Any CPU
		{ADF543F7-F282-41EC-9028-F8FF12642FBA}.Debug|Any CPU.ActiveCfg = Debug|Any CPU
		{ADF543F7-F282-41EC-9028-F8FF12642FBA}.Debug|Any CPU.Build.0 = Debug|Any CPU
		{ADF543F7-F282-41EC-9028-F8FF12642FBA}.Release|Any CPU.ActiveCfg = Release|Any CPU
		{ADF543F7-F282-41EC-9028-F8FF12642FBA}.Release|Any CPU.Build.0 = Release|Any CPU
		{5611B410-CE58-45B6-ABC8-B9C793D0BC58}.Debug|Any CPU.ActiveCfg = Debug|Any CPU
		{5611B410-CE58-45B6-ABC8-B9C793D0BC58}.Debug|Any CPU.Build.0 = Debug|Any CPU
		{5611B410-CE58-45B6-ABC8-B9C793D0BC58}.Release|Any CPU.ActiveCfg = Release|Any CPU
		{5611B410-CE58-45B6-ABC8-B9C793D0BC58}.Release|Any CPU.Build.0 = Release|Any CPU
		{943E753D-5B8E-4338-A7DB-D8225718B3D6}.Debug|Any CPU.ActiveCfg = Debug|Any CPU
		{943E753D-5B8E-4338-A7DB-D8225718B3D6}.Debug|Any CPU.Build.0 = Debug|Any CPU
		{943E753D-5B8E-4338-A7DB-D8225718B3D6}.Release|Any CPU.ActiveCfg = Release|Any CPU
		{943E753D-5B8E-4338-A7DB-D8225718B3D6}.Release|Any CPU.Build.0 = Release|Any CPU
		{B2E4465F-05BA-4B3E-AF44-06DBDD382ABE}.Debug|Any CPU.ActiveCfg = Debug|Any CPU
		{B2E4465F-05BA-4B3E-AF44-06DBDD382ABE}.Debug|Any CPU.Build.0 = Debug|Any CPU
		{B2E4465F-05BA-4B3E-AF44-06DBDD382ABE}.Release|Any CPU.ActiveCfg = Release|Any CPU
		{B2E4465F-05BA-4B3E-AF44-06DBDD382ABE}.Release|Any CPU.Build.0 = Release|Any CPU
		{AD125322-D753-4DD0-8217-30D917DD65E0}.Debug|Any CPU.ActiveCfg = Debug|Any CPU
		{AD125322-D753-4DD0-8217-30D917DD65E0}.Debug|Any CPU.Build.0 = Debug|Any CPU
		{AD125322-D753-4DD0-8217-30D917DD65E0}.Release|Any CPU.ActiveCfg = Release|Any CPU
		{AD125322-D753-4DD0-8217-30D917DD65E0}.Release|Any CPU.Build.0 = Release|Any CPU
		{41EAA4F9-9F22-48F8-90FF-D9A531317337}.Debug|Any CPU.ActiveCfg = Debug|Any CPU
		{41EAA4F9-9F22-48F8-90FF-D9A531317337}.Debug|Any CPU.Build.0 = Debug|Any CPU
		{41EAA4F9-9F22-48F8-90FF-D9A531317337}.Release|Any CPU.ActiveCfg = Release|Any CPU
		{41EAA4F9-9F22-48F8-90FF-D9A531317337}.Release|Any CPU.Build.0 = Release|Any CPU
		{5E3499F1-FA2E-4FF2-9F0C-AB9AC51397A1}.Debug|Any CPU.ActiveCfg = Debug|Any CPU
		{5E3499F1-FA2E-4FF2-9F0C-AB9AC51397A1}.Debug|Any CPU.Build.0 = Debug|Any CPU
		{5E3499F1-FA2E-4FF2-9F0C-AB9AC51397A1}.Release|Any CPU.ActiveCfg = Release|Any CPU
		{5E3499F1-FA2E-4FF2-9F0C-AB9AC51397A1}.Release|Any CPU.Build.0 = Release|Any CPU
		{8CA4A955-0631-456B-BFA6-2E3DD0BFF7C1}.Debug|Any CPU.ActiveCfg = Debug|Any CPU
		{8CA4A955-0631-456B-BFA6-2E3DD0BFF7C1}.Debug|Any CPU.Build.0 = Debug|Any CPU
		{8CA4A955-0631-456B-BFA6-2E3DD0BFF7C1}.Release|Any CPU.ActiveCfg = Release|Any CPU
		{8CA4A955-0631-456B-BFA6-2E3DD0BFF7C1}.Release|Any CPU.Build.0 = Release|Any CPU
		{C2DE2117-93C3-4A98-93F0-AACE1058B7CC}.Debug|Any CPU.ActiveCfg = Debug|Any CPU
		{C2DE2117-93C3-4A98-93F0-AACE1058B7CC}.Debug|Any CPU.Build.0 = Debug|Any CPU
		{C2DE2117-93C3-4A98-93F0-AACE1058B7CC}.Release|Any CPU.ActiveCfg = Release|Any CPU
		{C2DE2117-93C3-4A98-93F0-AACE1058B7CC}.Release|Any CPU.Build.0 = Release|Any CPU
		{414E16A1-6C59-4069-A140-1FE6024D6F82}.Debug|Any CPU.ActiveCfg = Debug|Any CPU
		{414E16A1-6C59-4069-A140-1FE6024D6F82}.Debug|Any CPU.Build.0 = Debug|Any CPU
		{414E16A1-6C59-4069-A140-1FE6024D6F82}.Release|Any CPU.ActiveCfg = Release|Any CPU
		{414E16A1-6C59-4069-A140-1FE6024D6F82}.Release|Any CPU.Build.0 = Release|Any CPU
		{1B0CADE6-7976-4400-B110-F0376C3FC4E1}.Debug|Any CPU.ActiveCfg = Debug|Any CPU
		{1B0CADE6-7976-4400-B110-F0376C3FC4E1}.Debug|Any CPU.Build.0 = Debug|Any CPU
		{1B0CADE6-7976-4400-B110-F0376C3FC4E1}.Release|Any CPU.ActiveCfg = Release|Any CPU
		{1B0CADE6-7976-4400-B110-F0376C3FC4E1}.Release|Any CPU.Build.0 = Release|Any CPU
		{61B33CAB-3154-4A91-8F20-74CC0D9F14C8}.Debug|Any CPU.ActiveCfg = Debug|Any CPU
		{61B33CAB-3154-4A91-8F20-74CC0D9F14C8}.Debug|Any CPU.Build.0 = Debug|Any CPU
		{61B33CAB-3154-4A91-8F20-74CC0D9F14C8}.Release|Any CPU.ActiveCfg = Release|Any CPU
		{61B33CAB-3154-4A91-8F20-74CC0D9F14C8}.Release|Any CPU.Build.0 = Release|Any CPU
		{12A339DE-E17F-4A7A-8B9A-A2F818265450}.Debug|Any CPU.ActiveCfg = Debug|Any CPU
		{12A339DE-E17F-4A7A-8B9A-A2F818265450}.Debug|Any CPU.Build.0 = Debug|Any CPU
		{12A339DE-E17F-4A7A-8B9A-A2F818265450}.Release|Any CPU.ActiveCfg = Release|Any CPU
		{12A339DE-E17F-4A7A-8B9A-A2F818265450}.Release|Any CPU.Build.0 = Release|Any CPU
		{C45D5CB7-D361-474F-8FA1-6D1E3E0722A9}.Debug|Any CPU.ActiveCfg = Debug|Any CPU
		{C45D5CB7-D361-474F-8FA1-6D1E3E0722A9}.Debug|Any CPU.Build.0 = Debug|Any CPU
		{C45D5CB7-D361-474F-8FA1-6D1E3E0722A9}.Release|Any CPU.ActiveCfg = Release|Any CPU
		{C45D5CB7-D361-474F-8FA1-6D1E3E0722A9}.Release|Any CPU.Build.0 = Release|Any CPU
		{44741F53-5E3B-41D7-9034-EC66087E1BF4}.Debug|Any CPU.ActiveCfg = Debug|Any CPU
		{44741F53-5E3B-41D7-9034-EC66087E1BF4}.Debug|Any CPU.Build.0 = Debug|Any CPU
		{44741F53-5E3B-41D7-9034-EC66087E1BF4}.Release|Any CPU.ActiveCfg = Release|Any CPU
		{44741F53-5E3B-41D7-9034-EC66087E1BF4}.Release|Any CPU.Build.0 = Release|Any CPU
		{53D8CA8E-2430-4EB3-8D47-1A9264551730}.Debug|Any CPU.ActiveCfg = Debug|Any CPU
		{53D8CA8E-2430-4EB3-8D47-1A9264551730}.Debug|Any CPU.Build.0 = Debug|Any CPU
		{53D8CA8E-2430-4EB3-8D47-1A9264551730}.Release|Any CPU.ActiveCfg = Release|Any CPU
		{53D8CA8E-2430-4EB3-8D47-1A9264551730}.Release|Any CPU.Build.0 = Release|Any CPU
		{5B5B2C6F-697D-4BD0-B715-8CEA4F74D4FD}.Debug|Any CPU.ActiveCfg = Debug|Any CPU
		{5B5B2C6F-697D-4BD0-B715-8CEA4F74D4FD}.Debug|Any CPU.Build.0 = Debug|Any CPU
		{5B5B2C6F-697D-4BD0-B715-8CEA4F74D4FD}.Release|Any CPU.ActiveCfg = Release|Any CPU
		{5B5B2C6F-697D-4BD0-B715-8CEA4F74D4FD}.Release|Any CPU.Build.0 = Release|Any CPU
		{1763255A-A5CF-4F58-AF50-23DE5227BF52}.Debug|Any CPU.ActiveCfg = Debug|Any CPU
		{1763255A-A5CF-4F58-AF50-23DE5227BF52}.Debug|Any CPU.Build.0 = Debug|Any CPU
		{1763255A-A5CF-4F58-AF50-23DE5227BF52}.Release|Any CPU.ActiveCfg = Release|Any CPU
		{1763255A-A5CF-4F58-AF50-23DE5227BF52}.Release|Any CPU.Build.0 = Release|Any CPU
		{1A162714-1886-4280-AB60-82279E27B356}.Debug|Any CPU.ActiveCfg = Debug|Any CPU
		{1A162714-1886-4280-AB60-82279E27B356}.Debug|Any CPU.Build.0 = Debug|Any CPU
		{1A162714-1886-4280-AB60-82279E27B356}.Release|Any CPU.ActiveCfg = Release|Any CPU
		{1A162714-1886-4280-AB60-82279E27B356}.Release|Any CPU.Build.0 = Release|Any CPU
		{137C49A3-FF7F-4B84-91B1-82A5B2497BCD}.Debug|Any CPU.ActiveCfg = Debug|Any CPU
		{137C49A3-FF7F-4B84-91B1-82A5B2497BCD}.Debug|Any CPU.Build.0 = Debug|Any CPU
		{137C49A3-FF7F-4B84-91B1-82A5B2497BCD}.Release|Any CPU.ActiveCfg = Release|Any CPU
		{137C49A3-FF7F-4B84-91B1-82A5B2497BCD}.Release|Any CPU.Build.0 = Release|Any CPU
		{E6383915-7712-42FD-95D0-768D27DC0C00}.Debug|Any CPU.ActiveCfg = Debug|Any CPU
		{E6383915-7712-42FD-95D0-768D27DC0C00}.Debug|Any CPU.Build.0 = Debug|Any CPU
		{E6383915-7712-42FD-95D0-768D27DC0C00}.Release|Any CPU.ActiveCfg = Release|Any CPU
		{E6383915-7712-42FD-95D0-768D27DC0C00}.Release|Any CPU.Build.0 = Release|Any CPU
		{B8AF63B0-59C9-4E4D-86C9-8C9C093A7950}.Debug|Any CPU.ActiveCfg = Debug|Any CPU
		{B8AF63B0-59C9-4E4D-86C9-8C9C093A7950}.Debug|Any CPU.Build.0 = Debug|Any CPU
		{B8AF63B0-59C9-4E4D-86C9-8C9C093A7950}.Release|Any CPU.ActiveCfg = Release|Any CPU
		{B8AF63B0-59C9-4E4D-86C9-8C9C093A7950}.Release|Any CPU.Build.0 = Release|Any CPU
		{B9FBD659-3E8D-4664-B339-D122B01B2AF7}.Debug|Any CPU.ActiveCfg = Debug|Any CPU
		{B9FBD659-3E8D-4664-B339-D122B01B2AF7}.Debug|Any CPU.Build.0 = Debug|Any CPU
		{B9FBD659-3E8D-4664-B339-D122B01B2AF7}.Release|Any CPU.ActiveCfg = Release|Any CPU
		{B9FBD659-3E8D-4664-B339-D122B01B2AF7}.Release|Any CPU.Build.0 = Release|Any CPU
		{E36AE60A-854F-404F-AE97-908213E3EA8D}.Debug|Any CPU.ActiveCfg = Debug|Any CPU
		{E36AE60A-854F-404F-AE97-908213E3EA8D}.Debug|Any CPU.Build.0 = Debug|Any CPU
		{E36AE60A-854F-404F-AE97-908213E3EA8D}.Release|Any CPU.ActiveCfg = Release|Any CPU
		{E36AE60A-854F-404F-AE97-908213E3EA8D}.Release|Any CPU.Build.0 = Release|Any CPU
		{FBDD13E9-13C9-4B27-BAF0-960C9B1E250B}.Debug|Any CPU.ActiveCfg = Debug|Any CPU
		{FBDD13E9-13C9-4B27-BAF0-960C9B1E250B}.Debug|Any CPU.Build.0 = Debug|Any CPU
		{FBDD13E9-13C9-4B27-BAF0-960C9B1E250B}.Release|Any CPU.ActiveCfg = Release|Any CPU
		{FBDD13E9-13C9-4B27-BAF0-960C9B1E250B}.Release|Any CPU.Build.0 = Release|Any CPU
		{5261CE3C-01A1-41CE-8BDD-6F767EDF229B}.Debug|Any CPU.ActiveCfg = Debug|Any CPU
		{5261CE3C-01A1-41CE-8BDD-6F767EDF229B}.Debug|Any CPU.Build.0 = Debug|Any CPU
		{5261CE3C-01A1-41CE-8BDD-6F767EDF229B}.Release|Any CPU.ActiveCfg = Release|Any CPU
		{5261CE3C-01A1-41CE-8BDD-6F767EDF229B}.Release|Any CPU.Build.0 = Release|Any CPU
		{B195A00B-847E-467B-B898-E2C030D6D4DE}.Debug|Any CPU.ActiveCfg = Debug|Any CPU
		{B195A00B-847E-467B-B898-E2C030D6D4DE}.Debug|Any CPU.Build.0 = Debug|Any CPU
		{B195A00B-847E-467B-B898-E2C030D6D4DE}.Release|Any CPU.ActiveCfg = Release|Any CPU
		{B195A00B-847E-467B-B898-E2C030D6D4DE}.Release|Any CPU.Build.0 = Release|Any CPU
		{A3D60EAE-25AD-4464-9964-99F982FEB4BA}.Debug|Any CPU.ActiveCfg = Debug|Any CPU
		{A3D60EAE-25AD-4464-9964-99F982FEB4BA}.Debug|Any CPU.Build.0 = Debug|Any CPU
		{A3D60EAE-25AD-4464-9964-99F982FEB4BA}.Release|Any CPU.ActiveCfg = Release|Any CPU
		{A3D60EAE-25AD-4464-9964-99F982FEB4BA}.Release|Any CPU.Build.0 = Release|Any CPU
		{521B8DD8-7DF8-42A5-A819-D2E1C5FF55E2}.Debug|Any CPU.ActiveCfg = Debug|Any CPU
		{521B8DD8-7DF8-42A5-A819-D2E1C5FF55E2}.Debug|Any CPU.Build.0 = Debug|Any CPU
		{521B8DD8-7DF8-42A5-A819-D2E1C5FF55E2}.Release|Any CPU.ActiveCfg = Release|Any CPU
		{521B8DD8-7DF8-42A5-A819-D2E1C5FF55E2}.Release|Any CPU.Build.0 = Release|Any CPU
		{CDB283FA-7492-4075-8D88-BB0EA358D121}.Debug|Any CPU.ActiveCfg = Debug|Any CPU
		{CDB283FA-7492-4075-8D88-BB0EA358D121}.Debug|Any CPU.Build.0 = Debug|Any CPU
		{CDB283FA-7492-4075-8D88-BB0EA358D121}.Release|Any CPU.ActiveCfg = Release|Any CPU
		{CDB283FA-7492-4075-8D88-BB0EA358D121}.Release|Any CPU.Build.0 = Release|Any CPU
		{049B85DA-AA1B-48C4-9675-E55E24981FE9}.Debug|Any CPU.ActiveCfg = Debug|Any CPU
		{049B85DA-AA1B-48C4-9675-E55E24981FE9}.Debug|Any CPU.Build.0 = Debug|Any CPU
		{049B85DA-AA1B-48C4-9675-E55E24981FE9}.Release|Any CPU.ActiveCfg = Release|Any CPU
		{049B85DA-AA1B-48C4-9675-E55E24981FE9}.Release|Any CPU.Build.0 = Release|Any CPU
		{41AEECE4-4A67-4CBE-8AA2-4BBABAF4F858}.Debug|Any CPU.ActiveCfg = Debug|Any CPU
		{41AEECE4-4A67-4CBE-8AA2-4BBABAF4F858}.Debug|Any CPU.Build.0 = Debug|Any CPU
		{41AEECE4-4A67-4CBE-8AA2-4BBABAF4F858}.Release|Any CPU.ActiveCfg = Release|Any CPU
		{41AEECE4-4A67-4CBE-8AA2-4BBABAF4F858}.Release|Any CPU.Build.0 = Release|Any CPU
		{4AD26816-553A-4C32-9FB7-1B90709B4B3C}.Debug|Any CPU.ActiveCfg = Debug|Any CPU
		{4AD26816-553A-4C32-9FB7-1B90709B4B3C}.Debug|Any CPU.Build.0 = Debug|Any CPU
		{4AD26816-553A-4C32-9FB7-1B90709B4B3C}.Release|Any CPU.ActiveCfg = Release|Any CPU
		{4AD26816-553A-4C32-9FB7-1B90709B4B3C}.Release|Any CPU.Build.0 = Release|Any CPU
		{8D6A7325-3422-4793-ADBF-C32D133974AA}.Debug|Any CPU.ActiveCfg = Debug|Any CPU
		{8D6A7325-3422-4793-ADBF-C32D133974AA}.Debug|Any CPU.Build.0 = Debug|Any CPU
		{8D6A7325-3422-4793-ADBF-C32D133974AA}.Release|Any CPU.ActiveCfg = Release|Any CPU
		{8D6A7325-3422-4793-ADBF-C32D133974AA}.Release|Any CPU.Build.0 = Release|Any CPU
		{98D2FAAC-8E7C-498C-9FE4-838BC86042DC}.Debug|Any CPU.ActiveCfg = Debug|Any CPU
		{98D2FAAC-8E7C-498C-9FE4-838BC86042DC}.Debug|Any CPU.Build.0 = Debug|Any CPU
		{98D2FAAC-8E7C-498C-9FE4-838BC86042DC}.Release|Any CPU.ActiveCfg = Release|Any CPU
		{98D2FAAC-8E7C-498C-9FE4-838BC86042DC}.Release|Any CPU.Build.0 = Release|Any CPU
		{DDE93EFE-6243-493C-8D50-A59FFB23D70C}.Debug|Any CPU.ActiveCfg = Debug|Any CPU
		{DDE93EFE-6243-493C-8D50-A59FFB23D70C}.Debug|Any CPU.Build.0 = Debug|Any CPU
		{DDE93EFE-6243-493C-8D50-A59FFB23D70C}.Release|Any CPU.ActiveCfg = Release|Any CPU
		{DDE93EFE-6243-493C-8D50-A59FFB23D70C}.Release|Any CPU.Build.0 = Release|Any CPU
		{8736ABB5-6C34-4617-8AA6-9169837DDD6C}.Debug|Any CPU.ActiveCfg = Debug|Any CPU
		{8736ABB5-6C34-4617-8AA6-9169837DDD6C}.Debug|Any CPU.Build.0 = Debug|Any CPU
		{8736ABB5-6C34-4617-8AA6-9169837DDD6C}.Release|Any CPU.ActiveCfg = Release|Any CPU
		{8736ABB5-6C34-4617-8AA6-9169837DDD6C}.Release|Any CPU.Build.0 = Release|Any CPU
		{1ACCC639-2CA5-498C-A1D7-6D9650F794AE}.Debug|Any CPU.ActiveCfg = Debug|Any CPU
		{1ACCC639-2CA5-498C-A1D7-6D9650F794AE}.Debug|Any CPU.Build.0 = Debug|Any CPU
		{1ACCC639-2CA5-498C-A1D7-6D9650F794AE}.Release|Any CPU.ActiveCfg = Release|Any CPU
		{1ACCC639-2CA5-498C-A1D7-6D9650F794AE}.Release|Any CPU.Build.0 = Release|Any CPU
		{7A0D4E0C-8C90-4E6F-9384-788664776321}.Debug|Any CPU.ActiveCfg = Debug|Any CPU
		{7A0D4E0C-8C90-4E6F-9384-788664776321}.Debug|Any CPU.Build.0 = Debug|Any CPU
		{7A0D4E0C-8C90-4E6F-9384-788664776321}.Release|Any CPU.ActiveCfg = Release|Any CPU
		{7A0D4E0C-8C90-4E6F-9384-788664776321}.Release|Any CPU.Build.0 = Release|Any CPU
		{186259A2-3A7B-4BB5-B9CE-186E217CAB7D}.Debug|Any CPU.ActiveCfg = Debug|Any CPU
		{186259A2-3A7B-4BB5-B9CE-186E217CAB7D}.Debug|Any CPU.Build.0 = Debug|Any CPU
		{186259A2-3A7B-4BB5-B9CE-186E217CAB7D}.Release|Any CPU.ActiveCfg = Release|Any CPU
		{186259A2-3A7B-4BB5-B9CE-186E217CAB7D}.Release|Any CPU.Build.0 = Release|Any CPU
		{489071E2-8D91-4B23-9FE4-143F9EFD66E2}.Debug|Any CPU.ActiveCfg = Debug|Any CPU
		{489071E2-8D91-4B23-9FE4-143F9EFD66E2}.Debug|Any CPU.Build.0 = Debug|Any CPU
		{489071E2-8D91-4B23-9FE4-143F9EFD66E2}.Release|Any CPU.ActiveCfg = Release|Any CPU
		{489071E2-8D91-4B23-9FE4-143F9EFD66E2}.Release|Any CPU.Build.0 = Release|Any CPU
		{8C2D92A6-2BA5-480B-95A0-7B9D2A37F0AF}.Debug|Any CPU.ActiveCfg = Debug|Any CPU
		{8C2D92A6-2BA5-480B-95A0-7B9D2A37F0AF}.Debug|Any CPU.Build.0 = Debug|Any CPU
		{8C2D92A6-2BA5-480B-95A0-7B9D2A37F0AF}.Release|Any CPU.ActiveCfg = Release|Any CPU
		{8C2D92A6-2BA5-480B-95A0-7B9D2A37F0AF}.Release|Any CPU.Build.0 = Release|Any CPU
		{33BADE92-F1F9-4A0B-AFD2-E8DF6E4DFE21}.Debug|Any CPU.ActiveCfg = Debug|Any CPU
		{33BADE92-F1F9-4A0B-AFD2-E8DF6E4DFE21}.Debug|Any CPU.Build.0 = Debug|Any CPU
		{33BADE92-F1F9-4A0B-AFD2-E8DF6E4DFE21}.Release|Any CPU.ActiveCfg = Release|Any CPU
		{33BADE92-F1F9-4A0B-AFD2-E8DF6E4DFE21}.Release|Any CPU.Build.0 = Release|Any CPU
		{95FC7EB4-B2F0-4795-B982-FF5F335E5AD4}.Debug|Any CPU.ActiveCfg = Debug|Any CPU
		{95FC7EB4-B2F0-4795-B982-FF5F335E5AD4}.Debug|Any CPU.Build.0 = Debug|Any CPU
		{95FC7EB4-B2F0-4795-B982-FF5F335E5AD4}.Release|Any CPU.ActiveCfg = Release|Any CPU
		{95FC7EB4-B2F0-4795-B982-FF5F335E5AD4}.Release|Any CPU.Build.0 = Release|Any CPU
		{F85CA995-6BEC-4A66-AC95-553AC278A02B}.Debug|Any CPU.ActiveCfg = Debug|Any CPU
		{F85CA995-6BEC-4A66-AC95-553AC278A02B}.Debug|Any CPU.Build.0 = Debug|Any CPU
		{F85CA995-6BEC-4A66-AC95-553AC278A02B}.Release|Any CPU.ActiveCfg = Release|Any CPU
		{F85CA995-6BEC-4A66-AC95-553AC278A02B}.Release|Any CPU.Build.0 = Release|Any CPU
		{8B463B4B-33F6-4288-BA7C-87C80183263D}.Debug|Any CPU.ActiveCfg = Debug|Any CPU
		{8B463B4B-33F6-4288-BA7C-87C80183263D}.Debug|Any CPU.Build.0 = Debug|Any CPU
		{8B463B4B-33F6-4288-BA7C-87C80183263D}.Release|Any CPU.ActiveCfg = Release|Any CPU
		{8B463B4B-33F6-4288-BA7C-87C80183263D}.Release|Any CPU.Build.0 = Release|Any CPU
		{427F94A1-6967-451D-8DB6-B5DC58165DFE}.Debug|Any CPU.ActiveCfg = Debug|Any CPU
		{427F94A1-6967-451D-8DB6-B5DC58165DFE}.Debug|Any CPU.Build.0 = Debug|Any CPU
		{427F94A1-6967-451D-8DB6-B5DC58165DFE}.Release|Any CPU.ActiveCfg = Release|Any CPU
		{427F94A1-6967-451D-8DB6-B5DC58165DFE}.Release|Any CPU.Build.0 = Release|Any CPU
		{2E5C4293-4288-4903-B118-B9AADDF3E25D}.Debug|Any CPU.ActiveCfg = Debug|Any CPU
		{2E5C4293-4288-4903-B118-B9AADDF3E25D}.Debug|Any CPU.Build.0 = Debug|Any CPU
		{2E5C4293-4288-4903-B118-B9AADDF3E25D}.Release|Any CPU.ActiveCfg = Release|Any CPU
		{2E5C4293-4288-4903-B118-B9AADDF3E25D}.Release|Any CPU.Build.0 = Release|Any CPU
		{15DF98EF-3108-4D9A-93F8-95831F751B6D}.Debug|Any CPU.ActiveCfg = Debug|Any CPU
		{15DF98EF-3108-4D9A-93F8-95831F751B6D}.Debug|Any CPU.Build.0 = Debug|Any CPU
		{15DF98EF-3108-4D9A-93F8-95831F751B6D}.Release|Any CPU.ActiveCfg = Release|Any CPU
		{15DF98EF-3108-4D9A-93F8-95831F751B6D}.Release|Any CPU.Build.0 = Release|Any CPU
		{91854D02-FBD2-4DEB-879F-D7757F818345}.Debug|Any CPU.ActiveCfg = Debug|Any CPU
		{91854D02-FBD2-4DEB-879F-D7757F818345}.Debug|Any CPU.Build.0 = Debug|Any CPU
		{91854D02-FBD2-4DEB-879F-D7757F818345}.Release|Any CPU.ActiveCfg = Release|Any CPU
		{91854D02-FBD2-4DEB-879F-D7757F818345}.Release|Any CPU.Build.0 = Release|Any CPU
		{DCA2109F-6EF8-44CB-9DC8-38AC746991F9}.Debug|Any CPU.ActiveCfg = Debug|Any CPU
		{DCA2109F-6EF8-44CB-9DC8-38AC746991F9}.Debug|Any CPU.Build.0 = Debug|Any CPU
		{DCA2109F-6EF8-44CB-9DC8-38AC746991F9}.Release|Any CPU.ActiveCfg = Release|Any CPU
		{DCA2109F-6EF8-44CB-9DC8-38AC746991F9}.Release|Any CPU.Build.0 = Release|Any CPU
		{DFF24AA0-4045-466D-982B-6E53D63DD076}.Debug|Any CPU.ActiveCfg = Debug|Any CPU
		{DFF24AA0-4045-466D-982B-6E53D63DD076}.Debug|Any CPU.Build.0 = Debug|Any CPU
		{DFF24AA0-4045-466D-982B-6E53D63DD076}.Release|Any CPU.ActiveCfg = Release|Any CPU
		{DFF24AA0-4045-466D-982B-6E53D63DD076}.Release|Any CPU.Build.0 = Release|Any CPU
		{8EA0B13E-3C68-4B7C-9737-E0D053A2B4DA}.Debug|Any CPU.ActiveCfg = Debug|Any CPU
		{8EA0B13E-3C68-4B7C-9737-E0D053A2B4DA}.Debug|Any CPU.Build.0 = Debug|Any CPU
		{8EA0B13E-3C68-4B7C-9737-E0D053A2B4DA}.Release|Any CPU.ActiveCfg = Release|Any CPU
		{8EA0B13E-3C68-4B7C-9737-E0D053A2B4DA}.Release|Any CPU.Build.0 = Release|Any CPU
		{494C69FE-07BF-44E0-A735-336E99DB9DD5}.Debug|Any CPU.ActiveCfg = Debug|Any CPU
		{494C69FE-07BF-44E0-A735-336E99DB9DD5}.Debug|Any CPU.Build.0 = Debug|Any CPU
		{494C69FE-07BF-44E0-A735-336E99DB9DD5}.Release|Any CPU.ActiveCfg = Release|Any CPU
		{494C69FE-07BF-44E0-A735-336E99DB9DD5}.Release|Any CPU.Build.0 = Release|Any CPU
		{E2F333DF-EDC4-4042-B54A-5D3A051523DD}.Debug|Any CPU.ActiveCfg = Debug|Any CPU
		{E2F333DF-EDC4-4042-B54A-5D3A051523DD}.Debug|Any CPU.Build.0 = Debug|Any CPU
		{E2F333DF-EDC4-4042-B54A-5D3A051523DD}.Release|Any CPU.ActiveCfg = Release|Any CPU
		{E2F333DF-EDC4-4042-B54A-5D3A051523DD}.Release|Any CPU.Build.0 = Release|Any CPU
		{51440377-5850-4F73-BD19-95313CD7EE0B}.Debug|Any CPU.ActiveCfg = Debug|Any CPU
		{51440377-5850-4F73-BD19-95313CD7EE0B}.Debug|Any CPU.Build.0 = Debug|Any CPU
		{51440377-5850-4F73-BD19-95313CD7EE0B}.Release|Any CPU.ActiveCfg = Release|Any CPU
		{51440377-5850-4F73-BD19-95313CD7EE0B}.Release|Any CPU.Build.0 = Release|Any CPU
		{B565C3D1-DF22-47BE-9049-2FD6266B1361}.Debug|Any CPU.ActiveCfg = Debug|Any CPU
		{B565C3D1-DF22-47BE-9049-2FD6266B1361}.Debug|Any CPU.Build.0 = Debug|Any CPU
		{B565C3D1-DF22-47BE-9049-2FD6266B1361}.Release|Any CPU.ActiveCfg = Release|Any CPU
		{B565C3D1-DF22-47BE-9049-2FD6266B1361}.Release|Any CPU.Build.0 = Release|Any CPU
		{AC191108-3A99-4B70-861F-358302804842}.Debug|Any CPU.ActiveCfg = Debug|Any CPU
		{AC191108-3A99-4B70-861F-358302804842}.Debug|Any CPU.Build.0 = Debug|Any CPU
		{AC191108-3A99-4B70-861F-358302804842}.Release|Any CPU.ActiveCfg = Release|Any CPU
		{AC191108-3A99-4B70-861F-358302804842}.Release|Any CPU.Build.0 = Release|Any CPU
		{A9117605-4ED9-4DD7-BB14-FF72F2727074}.Debug|Any CPU.ActiveCfg = Debug|Any CPU
		{A9117605-4ED9-4DD7-BB14-FF72F2727074}.Debug|Any CPU.Build.0 = Debug|Any CPU
		{A9117605-4ED9-4DD7-BB14-FF72F2727074}.Release|Any CPU.ActiveCfg = Release|Any CPU
		{A9117605-4ED9-4DD7-BB14-FF72F2727074}.Release|Any CPU.Build.0 = Release|Any CPU
		{98F4AAC0-320D-4F0A-B017-E5DCF5F7B8A3}.Debug|Any CPU.ActiveCfg = Debug|Any CPU
		{98F4AAC0-320D-4F0A-B017-E5DCF5F7B8A3}.Debug|Any CPU.Build.0 = Debug|Any CPU
		{98F4AAC0-320D-4F0A-B017-E5DCF5F7B8A3}.Release|Any CPU.ActiveCfg = Release|Any CPU
		{98F4AAC0-320D-4F0A-B017-E5DCF5F7B8A3}.Release|Any CPU.Build.0 = Release|Any CPU
		{77A25649-35C9-4D84-B322-E66033046520}.Debug|Any CPU.ActiveCfg = Debug|Any CPU
		{77A25649-35C9-4D84-B322-E66033046520}.Debug|Any CPU.Build.0 = Debug|Any CPU
		{77A25649-35C9-4D84-B322-E66033046520}.Release|Any CPU.ActiveCfg = Release|Any CPU
		{77A25649-35C9-4D84-B322-E66033046520}.Release|Any CPU.Build.0 = Release|Any CPU
		{E5CFA7D3-21F3-4094-995C-E67DF82794C5}.Debug|Any CPU.ActiveCfg = Debug|Any CPU
		{E5CFA7D3-21F3-4094-995C-E67DF82794C5}.Debug|Any CPU.Build.0 = Debug|Any CPU
		{E5CFA7D3-21F3-4094-995C-E67DF82794C5}.Release|Any CPU.ActiveCfg = Release|Any CPU
		{E5CFA7D3-21F3-4094-995C-E67DF82794C5}.Release|Any CPU.Build.0 = Release|Any CPU
		{76FF8D8C-0C51-4887-8EAA-D88C5F775366}.Debug|Any CPU.ActiveCfg = Debug|Any CPU
		{76FF8D8C-0C51-4887-8EAA-D88C5F775366}.Debug|Any CPU.Build.0 = Debug|Any CPU
		{76FF8D8C-0C51-4887-8EAA-D88C5F775366}.Release|Any CPU.ActiveCfg = Release|Any CPU
		{76FF8D8C-0C51-4887-8EAA-D88C5F775366}.Release|Any CPU.Build.0 = Release|Any CPU
		{85D0D6D0-F262-4988-8D2F-5CE7FAFF5050}.Debug|Any CPU.ActiveCfg = Debug|Any CPU
		{85D0D6D0-F262-4988-8D2F-5CE7FAFF5050}.Debug|Any CPU.Build.0 = Debug|Any CPU
		{85D0D6D0-F262-4988-8D2F-5CE7FAFF5050}.Release|Any CPU.ActiveCfg = Release|Any CPU
		{85D0D6D0-F262-4988-8D2F-5CE7FAFF5050}.Release|Any CPU.Build.0 = Release|Any CPU
		{0DD11FCC-AD06-47A2-A009-FD271E24EEBB}.Debug|Any CPU.ActiveCfg = Debug|Any CPU
		{0DD11FCC-AD06-47A2-A009-FD271E24EEBB}.Debug|Any CPU.Build.0 = Debug|Any CPU
		{0DD11FCC-AD06-47A2-A009-FD271E24EEBB}.Release|Any CPU.ActiveCfg = Release|Any CPU
		{0DD11FCC-AD06-47A2-A009-FD271E24EEBB}.Release|Any CPU.Build.0 = Release|Any CPU
		{11042DC6-217F-4754-8658-64796A702777}.Debug|Any CPU.ActiveCfg = Debug|Any CPU
		{11042DC6-217F-4754-8658-64796A702777}.Debug|Any CPU.Build.0 = Debug|Any CPU
		{11042DC6-217F-4754-8658-64796A702777}.Release|Any CPU.ActiveCfg = Release|Any CPU
		{11042DC6-217F-4754-8658-64796A702777}.Release|Any CPU.Build.0 = Release|Any CPU
		{3E34E60D-B0AD-4DB7-AF3C-92A0609CEAE9}.Debug|Any CPU.ActiveCfg = Debug|Any CPU
		{3E34E60D-B0AD-4DB7-AF3C-92A0609CEAE9}.Debug|Any CPU.Build.0 = Debug|Any CPU
		{3E34E60D-B0AD-4DB7-AF3C-92A0609CEAE9}.Release|Any CPU.ActiveCfg = Release|Any CPU
		{3E34E60D-B0AD-4DB7-AF3C-92A0609CEAE9}.Release|Any CPU.Build.0 = Release|Any CPU
		{BA5910CA-F0A6-46E8-8EDD-7751491673AB}.Debug|Any CPU.ActiveCfg = Debug|Any CPU
		{BA5910CA-F0A6-46E8-8EDD-7751491673AB}.Debug|Any CPU.Build.0 = Debug|Any CPU
		{BA5910CA-F0A6-46E8-8EDD-7751491673AB}.Release|Any CPU.ActiveCfg = Release|Any CPU
		{BA5910CA-F0A6-46E8-8EDD-7751491673AB}.Release|Any CPU.Build.0 = Release|Any CPU
		{1D7CCDE0-277F-4D1C-8FE0-A7FA96194E37}.Debug|Any CPU.ActiveCfg = Debug|Any CPU
		{1D7CCDE0-277F-4D1C-8FE0-A7FA96194E37}.Debug|Any CPU.Build.0 = Debug|Any CPU
		{1D7CCDE0-277F-4D1C-8FE0-A7FA96194E37}.Release|Any CPU.ActiveCfg = Release|Any CPU
		{1D7CCDE0-277F-4D1C-8FE0-A7FA96194E37}.Release|Any CPU.Build.0 = Release|Any CPU
		{38F8F4A0-5122-49C2-806C-C47F95B6AF13}.Debug|Any CPU.ActiveCfg = Debug|Any CPU
		{38F8F4A0-5122-49C2-806C-C47F95B6AF13}.Debug|Any CPU.Build.0 = Debug|Any CPU
		{38F8F4A0-5122-49C2-806C-C47F95B6AF13}.Release|Any CPU.ActiveCfg = Release|Any CPU
		{38F8F4A0-5122-49C2-806C-C47F95B6AF13}.Release|Any CPU.Build.0 = Release|Any CPU
		{49DA7BC1-78D0-401B-9A9E-44B60D81617E}.Debug|Any CPU.ActiveCfg = Debug|Any CPU
		{49DA7BC1-78D0-401B-9A9E-44B60D81617E}.Debug|Any CPU.Build.0 = Debug|Any CPU
		{49DA7BC1-78D0-401B-9A9E-44B60D81617E}.Release|Any CPU.ActiveCfg = Release|Any CPU
		{49DA7BC1-78D0-401B-9A9E-44B60D81617E}.Release|Any CPU.Build.0 = Release|Any CPU
		{DA4DD9EB-23A3-472E-8E18-EC474BC7529D}.Debug|Any CPU.ActiveCfg = Debug|Any CPU
		{DA4DD9EB-23A3-472E-8E18-EC474BC7529D}.Debug|Any CPU.Build.0 = Debug|Any CPU
		{DA4DD9EB-23A3-472E-8E18-EC474BC7529D}.Release|Any CPU.ActiveCfg = Release|Any CPU
		{DA4DD9EB-23A3-472E-8E18-EC474BC7529D}.Release|Any CPU.Build.0 = Release|Any CPU
	EndGlobalSection
	GlobalSection(SolutionProperties) = preSolution
		HideSolutionNode = FALSE
	EndGlobalSection
	GlobalSection(ExtensibilityGlobals) = postSolution
		SolutionGuid = {8196D9BC-9436-412C-A948-48FD6155839C}
	EndGlobalSection
EndGlobal
